// !$*UTF8*$!
{
	archiveVersion = 1;
	classes = {
	};
	objectVersion = 46;
	objects = {

/* Begin PBXBuildFile section */
		AAAC4B7019B5AD5500BDE356 /* Test.m in Sources */ = {isa = PBXBuildFile; fileRef = AAAC4B6F19B5AD5500BDE356 /* Test.m */; };
		AAADFB9D19A195CD00E9B44E /* Foundation.framework in Frameworks */ = {isa = PBXBuildFile; fileRef = AAA954A7199C8145009E7170 /* Foundation.framework */; };
		AAADFBA219A195CD00E9B44E /* CatchCresh.h in CopyFiles */ = {isa = PBXBuildFile; fileRef = AAADFBA119A195CD00E9B44E /* CatchCresh.h */; };
		AAADFBA419A195CD00E9B44E /* CatchCresh.mm in Sources */ = {isa = PBXBuildFile; fileRef = AAADFBA319A195CD00E9B44E /* CatchCresh.mm */; };
		AAADFBAA19A195CD00E9B44E /* XCTest.framework in Frameworks */ = {isa = PBXBuildFile; fileRef = AAA954C5199C8145009E7170 /* XCTest.framework */; };
		AAADFBAB19A195CD00E9B44E /* Foundation.framework in Frameworks */ = {isa = PBXBuildFile; fileRef = AAA954A7199C8145009E7170 /* Foundation.framework */; };
		AAADFBAC19A195CD00E9B44E /* UIKit.framework in Frameworks */ = {isa = PBXBuildFile; fileRef = AAA954AB199C8145009E7170 /* UIKit.framework */; };
		AAADFBAF19A195CD00E9B44E /* libCatchCresh.a in Frameworks */ = {isa = PBXBuildFile; fileRef = AAADFB9C19A195CD00E9B44E /* libCatchCresh.a */; };
		AAADFBB519A195CD00E9B44E /* InfoPlist.strings in Resources */ = {isa = PBXBuildFile; fileRef = AAADFBB319A195CD00E9B44E /* InfoPlist.strings */; };
/* End PBXBuildFile section */

/* Begin PBXContainerItemProxy section */
		AAADFBAD19A195CD00E9B44E /* PBXContainerItemProxy */ = {
			isa = PBXContainerItemProxy;
			containerPortal = AAA9549C199C8145009E7170 /* Project object */;
			proxyType = 1;
			remoteGlobalIDString = AAADFB9B19A195CD00E9B44E;
			remoteInfo = CatchCresh;
		};
/* End PBXContainerItemProxy section */

/* Begin PBXCopyFilesBuildPhase section */
		AAADFB9A19A195CD00E9B44E /* CopyFiles */ = {
			isa = PBXCopyFilesBuildPhase;
			buildActionMask = 2147483647;
			dstPath = "include/$(PRODUCT_NAME)";
			dstSubfolderSpec = 16;
			files = (
				AAADFBA219A195CD00E9B44E /* CatchCresh.h in CopyFiles */,
			);
			runOnlyForDeploymentPostprocessing = 0;
		};
/* End PBXCopyFilesBuildPhase section */

/* Begin PBXFileReference section */
		AAA954A7199C8145009E7170 /* Foundation.framework */ = {isa = PBXFileReference; lastKnownFileType = wrapper.framework; name = Foundation.framework; path = System/Library/Frameworks/Foundation.framework; sourceTree = SDKROOT; };
		AAA954A9199C8145009E7170 /* CoreGraphics.framework */ = {isa = PBXFileReference; lastKnownFileType = wrapper.framework; name = CoreGraphics.framework; path = System/Library/Frameworks/CoreGraphics.framework; sourceTree = SDKROOT; };
		AAA954AB199C8145009E7170 /* UIKit.framework */ = {isa = PBXFileReference; lastKnownFileType = wrapper.framework; name = UIKit.framework; path = System/Library/Frameworks/UIKit.framework; sourceTree = SDKROOT; };
		AAA954AD199C8145009E7170 /* CoreData.framework */ = {isa = PBXFileReference; lastKnownFileType = wrapper.framework; name = CoreData.framework; path = System/Library/Frameworks/CoreData.framework; sourceTree = SDKROOT; };
		AAA954C5199C8145009E7170 /* XCTest.framework */ = {isa = PBXFileReference; lastKnownFileType = wrapper.framework; name = XCTest.framework; path = Library/Frameworks/XCTest.framework; sourceTree = DEVELOPER_DIR; };
		AAAC4B6F19B5AD5500BDE356 /* Test.m */ = {isa = PBXFileReference; fileEncoding = 4; lastKnownFileType = sourcecode.c.objc; path = Test.m; sourceTree = "<group>"; };
		AAADFB9C19A195CD00E9B44E /* libCatchCresh.a */ = {isa = PBXFileReference; explicitFileType = archive.ar; includeInIndex = 0; path = libCatchCresh.a; sourceTree = BUILT_PRODUCTS_DIR; };
		AAADFBA019A195CD00E9B44E /* CatchCresh-Prefix.pch */ = {isa = PBXFileReference; lastKnownFileType = sourcecode.c.h; path = "CatchCresh-Prefix.pch"; sourceTree = "<group>"; };
		AAADFBA119A195CD00E9B44E /* CatchCresh.h */ = {isa = PBXFileReference; lastKnownFileType = sourcecode.c.h; path = CatchCresh.h; sourceTree = "<group>"; };
		AAADFBA319A195CD00E9B44E /* CatchCresh.mm */ = {isa = PBXFileReference; lastKnownFileType = sourcecode.cpp.objcpp; path = CatchCresh.mm; sourceTree = "<group>"; };
		AAADFBA919A195CD00E9B44E /* CatchCreshTests.xctest */ = {isa = PBXFileReference; explicitFileType = wrapper.cfbundle; includeInIndex = 0; path = CatchCreshTests.xctest; sourceTree = BUILT_PRODUCTS_DIR; };
		AAADFBB219A195CD00E9B44E /* CatchCreshTests-Info.plist */ = {isa = PBXFileReference; lastKnownFileType = text.plist.xml; path = "CatchCreshTests-Info.plist"; sourceTree = "<group>"; };
		AAADFBB419A195CD00E9B44E /* en */ = {isa = PBXFileReference; lastKnownFileType = text.plist.strings; name = en; path = en.lproj/InfoPlist.strings; sourceTree = "<group>"; };
/* End PBXFileReference section */

/* Begin PBXFrameworksBuildPhase section */
		AAADFB9919A195CD00E9B44E /* Frameworks */ = {
			isa = PBXFrameworksBuildPhase;
			buildActionMask = 2147483647;
			files = (
				AAADFB9D19A195CD00E9B44E /* Foundation.framework in Frameworks */,
			);
			runOnlyForDeploymentPostprocessing = 0;
		};
		AAADFBA619A195CD00E9B44E /* Frameworks */ = {
			isa = PBXFrameworksBuildPhase;
			buildActionMask = 2147483647;
			files = (
				AAADFBAA19A195CD00E9B44E /* XCTest.framework in Frameworks */,
				AAADFBAF19A195CD00E9B44E /* libCatchCresh.a in Frameworks */,
				AAADFBAC19A195CD00E9B44E /* UIKit.framework in Frameworks */,
				AAADFBAB19A195CD00E9B44E /* Foundation.framework in Frameworks */,
			);
			runOnlyForDeploymentPostprocessing = 0;
		};
/* End PBXFrameworksBuildPhase section */

/* Begin PBXGroup section */
		AAA9549B199C8145009E7170 = {
			isa = PBXGroup;
			children = (
				AAADFB9E19A195CD00E9B44E /* CatchCresh */,
				AAADFBB019A195CD00E9B44E /* CatchCreshTests */,
				AAA954A6199C8145009E7170 /* Frameworks */,
				AAA954A5199C8145009E7170 /* Products */,
			);
			sourceTree = "<group>";
		};
		AAA954A5199C8145009E7170 /* Products */ = {
			isa = PBXGroup;
			children = (
				AAADFB9C19A195CD00E9B44E /* libCatchCresh.a */,
				AAADFBA919A195CD00E9B44E /* CatchCreshTests.xctest */,
			);
			name = Products;
			sourceTree = "<group>";
		};
		AAA954A6199C8145009E7170 /* Frameworks */ = {
			isa = PBXGroup;
			children = (
				AAA954A7199C8145009E7170 /* Foundation.framework */,
				AAA954A9199C8145009E7170 /* CoreGraphics.framework */,
				AAA954AB199C8145009E7170 /* UIKit.framework */,
				AAA954AD199C8145009E7170 /* CoreData.framework */,
				AAA954C5199C8145009E7170 /* XCTest.framework */,
			);
			name = Frameworks;
			sourceTree = "<group>";
		};
		AAADFB9E19A195CD00E9B44E /* CatchCresh */ = {
			isa = PBXGroup;
			children = (
				AAADFBA119A195CD00E9B44E /* CatchCresh.h */,
				AAADFBA319A195CD00E9B44E /* CatchCresh.mm */,
				AAADFB9F19A195CD00E9B44E /* Supporting Files */,
			);
			path = CatchCresh;
			sourceTree = "<group>";
		};
		AAADFB9F19A195CD00E9B44E /* Supporting Files */ = {
			isa = PBXGroup;
			children = (
				AAADFBA019A195CD00E9B44E /* CatchCresh-Prefix.pch */,
			);
			name = "Supporting Files";
			sourceTree = "<group>";
		};
		AAADFBB019A195CD00E9B44E /* CatchCreshTests */ = {
			isa = PBXGroup;
			children = (
				AAADFBB119A195CD00E9B44E /* Supporting Files */,
				AAAC4B6F19B5AD5500BDE356 /* Test.m */,
			);
			path = CatchCreshTests;
			sourceTree = "<group>";
		};
		AAADFBB119A195CD00E9B44E /* Supporting Files */ = {
			isa = PBXGroup;
			children = (
				AAADFBB219A195CD00E9B44E /* CatchCreshTests-Info.plist */,
				AAADFBB319A195CD00E9B44E /* InfoPlist.strings */,
			);
			name = "Supporting Files";
			sourceTree = "<group>";
		};
/* End PBXGroup section */

/* Begin PBXNativeTarget section */
		AAADFB9B19A195CD00E9B44E /* CatchCresh */ = {
			isa = PBXNativeTarget;
			buildConfigurationList = AAADFBBC19A195CD00E9B44E /* Build configuration list for PBXNativeTarget "CatchCresh" */;
			buildPhases = (
				AAADFB9819A195CD00E9B44E /* Sources */,
				AAADFB9919A195CD00E9B44E /* Frameworks */,
				AAADFB9A19A195CD00E9B44E /* CopyFiles */,
			);
			buildRules = (
			);
			dependencies = (
			);
			name = CatchCresh;
			productName = CatchCresh;
			productReference = AAADFB9C19A195CD00E9B44E /* libCatchCresh.a */;
			productType = "com.apple.product-type.library.static";
		};
		AAADFBA819A195CD00E9B44E /* CatchCreshTests */ = {
			isa = PBXNativeTarget;
			buildConfigurationList = AAADFBBD19A195CD00E9B44E /* Build configuration list for PBXNativeTarget "CatchCreshTests" */;
			buildPhases = (
				AAADFBA519A195CD00E9B44E /* Sources */,
				AAADFBA619A195CD00E9B44E /* Frameworks */,
				AAADFBA719A195CD00E9B44E /* Resources */,
			);
			buildRules = (
			);
			dependencies = (
				AAADFBAE19A195CD00E9B44E /* PBXTargetDependency */,
			);
			name = CatchCreshTests;
			productName = CatchCreshTests;
			productReference = AAADFBA919A195CD00E9B44E /* CatchCreshTests.xctest */;
			productType = "com.apple.product-type.bundle.unit-test";
		};
/* End PBXNativeTarget section */

/* Begin PBXProject section */
		AAA9549C199C8145009E7170 /* Project object */ = {
			isa = PBXProject;
			attributes = {
				LastUpgradeCheck = 0510;
				ORGANIZATIONNAME = hutu;
			};
			buildConfigurationList = AAA9549F199C8145009E7170 /* Build configuration list for PBXProject "CatchCresh" */;
			compatibilityVersion = "Xcode 3.2";
			developmentRegion = English;
			hasScannedForEncodings = 0;
			knownRegions = (
				en,
			);
			mainGroup = AAA9549B199C8145009E7170;
			productRefGroup = AAA954A5199C8145009E7170 /* Products */;
			projectDirPath = "";
			projectRoot = "";
			targets = (
				AAADFB9B19A195CD00E9B44E /* CatchCresh */,
				AAADFBA819A195CD00E9B44E /* CatchCreshTests */,
			);
		};
/* End PBXProject section */

/* Begin PBXResourcesBuildPhase section */
		AAADFBA719A195CD00E9B44E /* Resources */ = {
			isa = PBXResourcesBuildPhase;
			buildActionMask = 2147483647;
			files = (
				AAADFBB519A195CD00E9B44E /* InfoPlist.strings in Resources */,
			);
			runOnlyForDeploymentPostprocessing = 0;
		};
/* End PBXResourcesBuildPhase section */

/* Begin PBXSourcesBuildPhase section */
		AAADFB9819A195CD00E9B44E /* Sources */ = {
			isa = PBXSourcesBuildPhase;
			buildActionMask = 2147483647;
			files = (
				AAADFBA419A195CD00E9B44E /* CatchCresh.mm in Sources */,
			);
			runOnlyForDeploymentPostprocessing = 0;
		};
		AAADFBA519A195CD00E9B44E /* Sources */ = {
			isa = PBXSourcesBuildPhase;
			buildActionMask = 2147483647;
			files = (
				AAAC4B7019B5AD5500BDE356 /* Test.m in Sources */,
			);
			runOnlyForDeploymentPostprocessing = 0;
		};
/* End PBXSourcesBuildPhase section */

/* Begin PBXTargetDependency section */
		AAADFBAE19A195CD00E9B44E /* PBXTargetDependency */ = {
			isa = PBXTargetDependency;
			target = AAADFB9B19A195CD00E9B44E /* CatchCresh */;
			targetProxy = AAADFBAD19A195CD00E9B44E /* PBXContainerItemProxy */;
		};
/* End PBXTargetDependency section */

/* Begin PBXVariantGroup section */
		AAADFBB319A195CD00E9B44E /* InfoPlist.strings */ = {
			isa = PBXVariantGroup;
			children = (
				AAADFBB419A195CD00E9B44E /* en */,
			);
			name = InfoPlist.strings;
			sourceTree = "<group>";
		};
/* End PBXVariantGroup section */

/* Begin XCBuildConfiguration section */
		AAA954D4199C8145009E7170 /* Debug */ = {
			isa = XCBuildConfiguration;
			buildSettings = {
				ALWAYS_SEARCH_USER_PATHS = NO;
				CLANG_CXX_LANGUAGE_STANDARD = "gnu++0x";
				CLANG_CXX_LIBRARY = "libc++";
				CLANG_ENABLE_MODULES = YES;
				CLANG_ENABLE_OBJC_ARC = YES;
				CLANG_WARN_BOOL_CONVERSION = YES;
				CLANG_WARN_CONSTANT_CONVERSION = YES;
				CLANG_WARN_DIRECT_OBJC_ISA_USAGE = YES_ERROR;
				CLANG_WARN_EMPTY_BODY = YES;
				CLANG_WARN_ENUM_CONVERSION = YES;
				CLANG_WARN_INT_CONVERSION = YES;
				CLANG_WARN_OBJC_ROOT_CLASS = YES_ERROR;
				CLANG_WARN__DUPLICATE_METHOD_MATCH = YES;
				"CODE_SIGN_IDENTITY[sdk=iphoneos*]" = "iPhone Developer";
				COPY_PHASE_STRIP = NO;
				GCC_C_LANGUAGE_STANDARD = gnu99;
				GCC_DYNAMIC_NO_PIC = NO;
				GCC_OPTIMIZATION_LEVEL = 0;
				GCC_PREPROCESSOR_DEFINITIONS = (
					"DEBUG=1",
					"$(inherited)",
				);
				GCC_SYMBOLS_PRIVATE_EXTERN = NO;
				GCC_WARN_64_TO_32_BIT_CONVERSION = YES;
				GCC_WARN_ABOUT_RETURN_TYPE = YES_ERROR;
				GCC_WARN_UNDECLARED_SELECTOR = YES;
				GCC_WARN_UNINITIALIZED_AUTOS = YES_AGGRESSIVE;
				GCC_WARN_UNUSED_FUNCTION = YES;
				GCC_WARN_UNUSED_VARIABLE = YES;
				IPHONEOS_DEPLOYMENT_TARGET = 7.1;
				ONLY_ACTIVE_ARCH = YES;
				SDKROOT = iphoneos;
				TARGETED_DEVICE_FAMILY = "1,2";
			};
			name = Debug;
		};
		AAA954D5199C8145009E7170 /* Release */ = {
			isa = XCBuildConfiguration;
			buildSettings = {
				ALWAYS_SEARCH_USER_PATHS = NO;
				CLANG_CXX_LANGUAGE_STANDARD = "gnu++0x";
				CLANG_CXX_LIBRARY = "libc++";
				CLANG_ENABLE_MODULES = YES;
				CLANG_ENABLE_OBJC_ARC = YES;
				CLANG_WARN_BOOL_CONVERSION = YES;
				CLANG_WARN_CONSTANT_CONVERSION = YES;
				CLANG_WARN_DIRECT_OBJC_ISA_USAGE = YES_ERROR;
				CLANG_WARN_EMPTY_BODY = YES;
				CLANG_WARN_ENUM_CONVERSION = YES;
				CLANG_WARN_INT_CONVERSION = YES;
				CLANG_WARN_OBJC_ROOT_CLASS = YES_ERROR;
				CLANG_WARN__DUPLICATE_METHOD_MATCH = YES;
				"CODE_SIGN_IDENTITY[sdk=iphoneos*]" = "iPhone Developer";
				COPY_PHASE_STRIP = YES;
				ENABLE_NS_ASSERTIONS = NO;
				GCC_C_LANGUAGE_STANDARD = gnu99;
				GCC_WARN_64_TO_32_BIT_CONVERSION = YES;
				GCC_WARN_ABOUT_RETURN_TYPE = YES_ERROR;
				GCC_WARN_UNDECLARED_SELECTOR = YES;
				GCC_WARN_UNINITIALIZED_AUTOS = YES_AGGRESSIVE;
				GCC_WARN_UNUSED_FUNCTION = YES;
				GCC_WARN_UNUSED_VARIABLE = YES;
				IPHONEOS_DEPLOYMENT_TARGET = 7.1;
				SDKROOT = iphoneos;
				TARGETED_DEVICE_FAMILY = "1,2";
				VALIDATE_PRODUCT = YES;
			};
			name = Release;
		};
		AAADFBB819A195CD00E9B44E /* Debug */ = {
			isa = XCBuildConfiguration;
			buildSettings = {
				DSTROOT = /tmp/CatchCresh.dst;
				GCC_PRECOMPILE_PREFIX_HEADER = YES;
				GCC_PREFIX_HEADER = "CatchCresh/CatchCresh-Prefix.pch";
				GCC_PREPROCESSOR_DEFINITIONS = (
					"DEBUG=1",
					"$(inherited)",
				);
				OTHER_LDFLAGS = "-ObjC";
				PRODUCT_NAME = "$(TARGET_NAME)";
				SKIP_INSTALL = YES;
			};
			name = Debug;
		};
		AAADFBB919A195CD00E9B44E /* Release */ = {
			isa = XCBuildConfiguration;
			buildSettings = {
				DSTROOT = /tmp/CatchCresh.dst;
				GCC_PRECOMPILE_PREFIX_HEADER = YES;
				GCC_PREFIX_HEADER = "CatchCresh/CatchCresh-Prefix.pch";
				OTHER_LDFLAGS = "-ObjC";
				PRODUCT_NAME = "$(TARGET_NAME)";
				SKIP_INSTALL = YES;
			};
			name = Release;
		};
		AAADFBBA19A195CD00E9B44E /* Debug */ = {
			isa = XCBuildConfiguration;
			buildSettings = {
				FRAMEWORK_SEARCH_PATHS = (
					"$(SDKROOT)/Developer/Library/Frameworks",
					"$(inherited)",
					"$(DEVELOPER_FRAMEWORKS_DIR)",
				);
				GCC_PRECOMPILE_PREFIX_HEADER = YES;
				GCC_PREFIX_HEADER = "CatchCresh/CatchCresh-Prefix.pch";
				GCC_PREPROCESSOR_DEFINITIONS = (
					"DEBUG=1",
					"$(inherited)",
				);
				INFOPLIST_FILE = "CatchCreshTests/CatchCreshTests-Info.plist";
				PRODUCT_NAME = "$(TARGET_NAME)";
				WRAPPER_EXTENSION = xctest;
			};
			name = Debug;
		};
		AAADFBBB19A195CD00E9B44E /* Release */ = {
			isa = XCBuildConfiguration;
			buildSettings = {
				FRAMEWORK_SEARCH_PATHS = (
					"$(SDKROOT)/Developer/Library/Frameworks",
					"$(inherited)",
					"$(DEVELOPER_FRAMEWORKS_DIR)",
				);
				GCC_PRECOMPILE_PREFIX_HEADER = YES;
				GCC_PREFIX_HEADER = "CatchCresh/CatchCresh-Prefix.pch";
				INFOPLIST_FILE = "CatchCreshTests/CatchCreshTests-Info.plist";
				PRODUCT_NAME = "$(TARGET_NAME)";
				WRAPPER_EXTENSION = xctest;
			};
			name = Release;
		};
/* End XCBuildConfiguration section */

/* Begin XCConfigurationList section */
		AAA9549F199C8145009E7170 /* Build configuration list for PBXProject "CatchCresh" */ = {
			isa = XCConfigurationList;
			buildConfigurations = (
				AAA954D4199C8145009E7170 /* Debug */,
				AAA954D5199C8145009E7170 /* Release */,
			);
			defaultConfigurationIsVisible = 0;
			defaultConfigurationName = Release;
		};
		AAADFBBC19A195CD00E9B44E /* Build configuration list for PBXNativeTarget "CatchCresh" */ = {
			isa = XCConfigurationList;
			buildConfigurations = (
				AAADFBB819A195CD00E9B44E /* Debug */,
				AAADFBB919A195CD00E9B44E /* Release */,
			);
			defaultConfigurationIsVisible = 0;
			defaultConfigurationName = Release;
		};
		AAADFBBD19A195CD00E9B44E /* Build configuration list for PBXNativeTarget "CatchCreshTests" */ = {
			isa = XCConfigurationList;
			buildConfigurations = (
				AAADFBBA19A195CD00E9B44E /* Debug */,
				AAADFBBB19A195CD00E9B44E /* Release */,
			);
			defaultConfigurationIsVisible = 0;
			defaultConfigurationName = Release;
		};
/* End XCConfigurationList section */
	};
	rootObject = AAA9549C199C8145009E7170 /* Project object */;
}
